
Microsoft Visual Studio Solution File, Format Version 12.00
# Visual Studio Version 17
VisualStudioVersion = 17.5.33530.505
MinimumVisualStudioVersion = 10.0.40219.1
Project("{8BC9CEB8-8B4A-11D0-8D11-00A0C91BC942}") = "cuda_arm", "cuda_arm\cuda_arm.vcxproj", "{A1646DB4-0619-44D3-9F52-C287B990C6D8}"
EndProject
Global
	GlobalSection(SolutionConfigurationPlatforms) = preSolution
		Debug|x64 = Debug|x64
		Release|x64 = Release|x64
	EndGlobalSection
	GlobalSection(ProjectConfigurationPlatforms) = postSolution
		{A1646DB4-0619-44D3-9F52-C287B990C6D8}.Debug|x64.ActiveCfg = Debug|x64
		{A1646DB4-0619-44D3-9F52-C287B990C6D8}.Debug|x64.Build.0 = Debug|x64
		{A1646DB4-0619-44D3-9F52-C287B990C6D8}.Release|x64.ActiveCfg = Release|x64
		{A1646DB4-0619-44D3-9F52-C287B990C6D8}.Release|x64.Build.0 = Release|x64
	EndGlobalSection
	GlobalSection(SolutionProperties) = preSolution
		HideSolutionNode = FALSE
	EndGlobalSection
	GlobalSection(ExtensibilityGlobals) = postSolution
		SolutionGuid = {A75769AF-C0E5-4DB0-9D02-290071657F22}
	EndGlobalSection
EndGlobal
